
Microsoft Visual Studio Solution File, Format Version 12.00
# Visual Studio 14
VisualStudioVersion = 14.0.25420.1
MinimumVisualStudioVersion = 10.0.40219.1
Project("{FAE04EC0-301F-11D3-BF4B-00C04F79EFBC}") = "CabBooking", "CabBooking\CabBooking.csproj", "{BA23A2CB-0B44-4256-904D-313262C0E8CC}"
EndProject
Project("{FAE04EC0-301F-11D3-BF4B-00C04F79EFBC}") = "BookRide", "BookRide\BookRide.csproj", "{7BD010E4-2897-4F65-859A-45F259F785B0}"
EndProject
Global
	GlobalSection(SolutionConfigurationPlatforms) = preSolution
		Debug|Any CPU = Debug|Any CPU
		Release|Any CPU = Release|Any CPU
	EndGlobalSection
	GlobalSection(ProjectConfigurationPlatforms) = postSolution
		{BA23A2CB-0B44-4256-904D-313262C0E8CC}.Debug|Any CPU.ActiveCfg = Debug|Any CPU
		{BA23A2CB-0B44-4256-904D-313262C0E8CC}.Debug|Any CPU.Build.0 = Debug|Any CPU
		{BA23A2CB-0B44-4256-904D-313262C0E8CC}.Release|Any CPU.ActiveCfg = Release|Any CPU
		{BA23A2CB-0B44-4256-904D-313262C0E8CC}.Release|Any CPU.Build.0 = Release|Any CPU
		{7BD010E4-2897-4F65-859A-45F259F785B0}.Debug|Any CPU.ActiveCfg = Debug|Any CPU
		{7BD010E4-2897-4F65-859A-45F259F785B0}.Debug|Any CPU.Build.0 = Debug|Any CPU
		{7BD010E4-2897-4F65-859A-45F259F785B0}.Release|Any CPU.ActiveCfg = Release|Any CPU
		{7BD010E4-2897-4F65-859A-45F259F785B0}.Release|Any CPU.Build.0 = Release|Any CPU
	EndGlobalSection
	GlobalSection(SolutionProperties) = preSolution
		HideSolutionNode = FALSE
	EndGlobalSection
EndGlobal
